{
  "name": "diff-match-patch",
  "version": "1.0.5",
  "lockfileVersion": 2,
  "requires": true,
  "packages": {
    "": {
      "name": "diff-match-patch",
      "version": "1.0.5",
      "license": "Apache-2.0",
      "devDependencies": {
        "testit": "^3.0.0"
      }
    },
    "node_modules/ansi-styles": {
      "version": "3.2.1",
      "dev": true,
      "license": "MIT",
      "dependencies": {
        "color-convert": "^1.9.0"
      },
      "engines": {
        "node": ">=4"
      }
    },
    "node_modules/asap": {
      "version": "2.0.6",
      "dev": true,
      "license": "MIT"
    },
    "node_modules/chalk": {
      "version": "2.4.2",
      "dev": true,
      "license": "MIT",
      "dependencies": {
        "ansi-styles": "^3.2.1",
        "escape-string-regexp": "^1.0.5",
        "supports-color": "^5.3.0"
      },
      "engines": {
        "node": ">=4"
      }
    },
    "node_modules/color-convert": {
      "version": "1.9.3",
      "dev": true,
      "license": "MIT",
      "dependencies": {
        "color-name": "1.1.3"
      }
    },
    "node_modules/color-name": {
      "version": "1.1.3",
      "dev": true,
      "license": "MIT"
    },
    "node_modules/escape-string-regexp": {
      "version": "1.0.5",
      "dev": true,
      "license": "MIT",
      "engines": {
        "node": ">=0.8.0"
      }
    },
    "node_modules/has-flag": {
      "version": "3.0.0",
      "dev": true,
      "license": "MIT",
      "engines": {
        "node": ">=4"
      }
    },
    "node_modules/is-browser": {
      "version": "2.1.0",
      "dev": true,
      "license": "MIT"
    },
    "node_modules/ms": {
      "version": "2.1.2",
      "dev": true,
      "license": "MIT"
    },
    "node_modules/promise": {
      "version": "8.1.0",
      "dev": true,
      "license": "MIT",
      "dependencies": {
        "asap": "~2.0.6"
      }
    },
    "node_modules/supports-color": {
      "version": "5.5.0",
      "dev": true,
      "license": "MIT",
      "dependencies": {
        "has-flag": "^3.0.0"
      },
      "engines": {
        "node": ">=4"
      }
    },
    "node_modules/test-result": {
      "version": "2.0.0",
      "dev": true,
      "license": "MIT"
    },
    "node_modules/testit": {
      "version": "3.1.0",
      "dev": true,
      "license": "MIT",
      "dependencies": {
        "chalk": "^2.0.0",
        "is-browser": "^2.0.1",
        "ms": "^2.1.1",
        "promise": "^8.0.1",
        "test-result": "^2.0.0",
        "wtfnode": "^0.8.0"
      }
    },
    "node_modules/wtfnode": {
      "version": "0.8.1",
      "dev": true,
      "license": "ISC",
      "bin": {
        "wtfnode": "proxy.js"
      }
    }
  },
  "dependencies": {
    "ansi-styles": {
      "version": "3.2.1",
      "dev": true,
      "requires": {
        "color-convert": "^1.9.0"
      }
    },
    "asap": {
      "version": "2.0.6",
      "dev": true
    },
    "chalk": {
      "version": "2.4.2",
      "dev": true,
      "requires": {
        "ansi-styles": "^3.2.1",
        "escape-string-regexp": "^1.0.5",
        "supports-color": "^5.3.0"
      }
    },
    "color-convert": {
      "version": "1.9.3",
      "dev": true,
      "requires": {
        "color-name": "1.1.3"
      }
    },
    "color-name": {
      "version": "1.1.3",
      "dev": true
    },
    "escape-string-regexp": {
      "version": "1.0.5",
      "dev": true
    },
    "has-flag": {
      "version": "3.0.0",
      "dev": true
    },
    "is-browser": {
      "version": "2.1.0",
      "dev": true
    },
    "ms": {
      "version": "2.1.2",
      "dev": true
    },
    "promise": {
      "version": "8.1.0",
      "dev": true,
      "requires": {
        "asap": "~2.0.6"
      }
    },
    "supports-color": {
      "version": "5.5.0",
      "dev": true,
      "requires": {
        "has-flag": "^3.0.0"
      }
    },
    "test-result": {
      "version": "2.0.0",
      "dev": true
    },
    "testit": {
      "version": "3.1.0",
      "dev": true,
      "requires": {
        "chalk": "^2.0.0",
        "is-browser": "^2.0.1",
        "ms": "^2.1.1",
        "promise": "^8.0.1",
        "test-result": "^2.0.0",
        "wtfnode": "^0.8.0"
      }
    },
    "wtfnode": {
      "version": "0.8.1",
      "dev": true
    }
  }
}
